
Microsoft Visual Studio Solution File, Format Version 12.00
# Visual Studio 14
VisualStudioVersion = 14.0.25420.1
MinimumVisualStudioVersion = 10.0.40219.1
Project("{2150E333-8FDC-42A3-9474-1A3956D46DE8}") = "BasicAlgorithms", "BasicAlgorithms", "{443AB829-5031-468F-BD74-2AD2EBBC898C}"
EndProject
Project("{FAE04EC0-301F-11D3-BF4B-00C04F79EFBC}") = "SumOfMultiplesOf3and5", "SumOfMultiplesOf3and5\SumOfMultiplesOf3and5.csproj", "{3F0E2830-645D-4793-B884-4AEA209A552B}"
EndProject
Project("{FAE04EC0-301F-11D3-BF4B-00C04F79EFBC}") = "BasicAlgorithmsTests", "BasicAlgorithmsUnitTests\BasicAlgorithmsTests.csproj", "{BB0B02CF-DB67-41CC-B15A-33A738E19EAA}"
EndProject
Project("{2150E333-8FDC-42A3-9474-1A3956D46DE8}") = "Tests", "Tests", "{B70D9622-9A6E-4173-8E16-9E4FF2FB74F4}"
EndProject
Project("{2150E333-8FDC-42A3-9474-1A3956D46DE8}") = "Recursions", "Recursions", "{56D48056-FC91-42EF-99E3-827D59F39C06}"
EndProject
Project("{FAE04EC0-301F-11D3-BF4B-00C04F79EFBC}") = "RecursiveSum", "RecursiveSum\RecursiveSum.csproj", "{4DF9769D-A442-4DCF-802E-FC91208CA117}"
EndProject
Project("{FAE04EC0-301F-11D3-BF4B-00C04F79EFBC}") = "RecursionsTests", "RecursionsTests\RecursionsTests.csproj", "{B94BEE2A-6002-48DA-9B89-DB0BC193AA97}"
EndProject
Project("{2150E333-8FDC-42A3-9474-1A3956D46DE8}") = "Tests", "Tests", "{F4EEF266-8735-451E-8179-A31FC749837E}"
EndProject
Project("{FAE04EC0-301F-11D3-BF4B-00C04F79EFBC}") = "RecursiveSumOfDigitsNumber", "RecursiveSumOfDigitsNumber\RecursiveSumOfDigitsNumber.csproj", "{17D8C5A5-D5B0-4EE5-8285-786761CB25B0}"
EndProject
Project("{FAE04EC0-301F-11D3-BF4B-00C04F79EFBC}") = "RecursiveWordSplit", "WordSplitRecursive\RecursiveWordSplit.csproj", "{FFA26C9F-139F-4DE9-9D46-1FC889593010}"
EndProject
Project("{FAE04EC0-301F-11D3-BF4B-00C04F79EFBC}") = "RecursiveReverseString", "RecursiveReverseString\RecursiveReverseString.csproj", "{00365EE0-E8E5-41D4-93DA-FD76D7FFCE2F}"
EndProject
Project("{FAE04EC0-301F-11D3-BF4B-00C04F79EFBC}") = "RecursivePermutation", "RecursivePermutation\RecursivePermutation.csproj", "{4ADD8B14-8578-4F73-851E-B97ED7CB05E1}"
EndProject
Project("{FAE04EC0-301F-11D3-BF4B-00C04F79EFBC}") = "RecursiveFibonacci", "FibonacciSimpleRec\RecursiveFibonacci.csproj", "{86F4573D-BCA1-4998-BA32-209703FE198F}"
EndProject
Project("{FAE04EC0-301F-11D3-BF4B-00C04F79EFBC}") = "RecursiveCoinChange", "RecursiveCoinChange\RecursiveCoinChange.csproj", "{A7F7626D-3F01-49F1-9387-7A4B49D404B1}"
EndProject
Project("{2150E333-8FDC-42A3-9474-1A3956D46DE8}") = "WhiteboardCodingExercises", "WhiteboardCodingExercises", "{40A703EF-7B48-4E8C-98A5-B5E97C5B89FE}"
EndProject
Project("{2150E333-8FDC-42A3-9474-1A3956D46DE8}") = "StructuresImplementations", "StructuresImplementations", "{C0DC97F6-0248-40B7-B6E4-EFCD5C32F20B}"
EndProject
Project("{2150E333-8FDC-42A3-9474-1A3956D46DE8}") = "Trees", "Trees", "{DFA398AB-9317-43CC-9C70-C8E6168900E5}"
EndProject
Project("{FAE04EC0-301F-11D3-BF4B-00C04F79EFBC}") = "TreesImplementations", "TreesImplementations\TreesImplementations.csproj", "{DCBF44AA-37EB-4F35-818C-8BE05F8A4BF1}"
EndProject
Project("{2150E333-8FDC-42A3-9474-1A3956D46DE8}") = "Tests", "Tests", "{03656CDF-935C-478D-9083-B676B39FF06B}"
EndProject
Project("{FAE04EC0-301F-11D3-BF4B-00C04F79EFBC}") = "TreesTests", "BinaryHeapTests\TreesTests.csproj", "{91FD8CDA-045A-4A87-8697-6E29748DB20F}"
EndProject
Project("{FAE04EC0-301F-11D3-BF4B-00C04F79EFBC}") = "BinarySearch", "BinarySearch\BinarySearch.csproj", "{356B037C-3415-46D4-8E3F-729D7B93A9C8}"
EndProject
Project("{FAE04EC0-301F-11D3-BF4B-00C04F79EFBC}") = "ArrayPairSum", "ArrayPairSum\ArrayPairSum.csproj", "{4D152C62-818D-42FF-BE73-36D073DD8069}"
EndProject
Project("{FAE04EC0-301F-11D3-BF4B-00C04F79EFBC}") = "FindIndexOfFirstUnique", "FindIndexOfFirstUnique\FindIndexOfFirstUnique.csproj", "{9EC04BA2-14C9-4D6B-81A6-9D904FF0E5F7}"
EndProject
Project("{FAE04EC0-301F-11D3-BF4B-00C04F79EFBC}") = "ShortestBinaryArray", "ShortestBinaryArrayOfSum\ShortestBinaryArray.csproj", "{15D6A0A8-D51E-451F-8BB5-302220573505}"
EndProject
Project("{2150E333-8FDC-42A3-9474-1A3956D46DE8}") = "Stacks", "Stacks", "{7B311FFB-2B18-430F-8CD5-64ACDBAF15FA}"
EndProject
Project("{FAE04EC0-301F-11D3-BF4B-00C04F79EFBC}") = "StacksImplementations", "MyGenericStack\StacksImplementations.csproj", "{32FF2740-CF33-46D4-8EBF-749414A9FD0C}"
EndProject
Project("{2150E333-8FDC-42A3-9474-1A3956D46DE8}") = "Stacks", "Stacks", "{00CD9A1C-5BB4-4D4C-838C-49BA2E6F6D98}"
EndProject
Project("{FAE04EC0-301F-11D3-BF4B-00C04F79EFBC}") = "CheckParenthesis", "CheckParenthesis\CheckParenthesis.csproj", "{BE430B73-DBE1-4A3B-B48D-2455EA2D2F0F}"
EndProject
Project("{2150E333-8FDC-42A3-9474-1A3956D46DE8}") = "Tests", "Tests", "{015C53E9-70F2-4EEE-B0BD-B0DCE5BF52FE}"
EndProject
Project("{FAE04EC0-301F-11D3-BF4B-00C04F79EFBC}") = "StacksTests", "StacksTests\StacksTests.csproj", "{203B86B2-9D79-4115-9E29-D64AB39C2CBC}"
EndProject
Project("{2150E333-8FDC-42A3-9474-1A3956D46DE8}") = "Solution Items", "Solution Items", "{BC887FFE-582D-48D9-B90E-13F9CE83B7DA}"
	ProjectSection(SolutionItems) = preProject
		LICENSE.md = LICENSE.md
		README.md = README.md
	EndProjectSection
EndProject
Project("{FAE04EC0-301F-11D3-BF4B-00C04F79EFBC}") = "SumOfOthers", "SumOfOthers\SumOfOthers.csproj", "{8D8CE796-C412-48C5-BC05-9D8C91E530A4}"
EndProject
Global
	GlobalSection(SolutionConfigurationPlatforms) = preSolution
		Debug|Any CPU = Debug|Any CPU
		Release|Any CPU = Release|Any CPU
	EndGlobalSection
	GlobalSection(ProjectConfigurationPlatforms) = postSolution
		{3F0E2830-645D-4793-B884-4AEA209A552B}.Debug|Any CPU.ActiveCfg = Debug|Any CPU
		{3F0E2830-645D-4793-B884-4AEA209A552B}.Debug|Any CPU.Build.0 = Debug|Any CPU
		{3F0E2830-645D-4793-B884-4AEA209A552B}.Release|Any CPU.ActiveCfg = Release|Any CPU
		{3F0E2830-645D-4793-B884-4AEA209A552B}.Release|Any CPU.Build.0 = Release|Any CPU
		{BB0B02CF-DB67-41CC-B15A-33A738E19EAA}.Debug|Any CPU.ActiveCfg = Debug|Any CPU
		{BB0B02CF-DB67-41CC-B15A-33A738E19EAA}.Debug|Any CPU.Build.0 = Debug|Any CPU
		{BB0B02CF-DB67-41CC-B15A-33A738E19EAA}.Release|Any CPU.ActiveCfg = Release|Any CPU
		{BB0B02CF-DB67-41CC-B15A-33A738E19EAA}.Release|Any CPU.Build.0 = Release|Any CPU
		{4DF9769D-A442-4DCF-802E-FC91208CA117}.Debug|Any CPU.ActiveCfg = Debug|Any CPU
		{4DF9769D-A442-4DCF-802E-FC91208CA117}.Debug|Any CPU.Build.0 = Debug|Any CPU
		{4DF9769D-A442-4DCF-802E-FC91208CA117}.Release|Any CPU.ActiveCfg = Release|Any CPU
		{4DF9769D-A442-4DCF-802E-FC91208CA117}.Release|Any CPU.Build.0 = Release|Any CPU
		{B94BEE2A-6002-48DA-9B89-DB0BC193AA97}.Debug|Any CPU.ActiveCfg = Debug|Any CPU
		{B94BEE2A-6002-48DA-9B89-DB0BC193AA97}.Debug|Any CPU.Build.0 = Debug|Any CPU
		{B94BEE2A-6002-48DA-9B89-DB0BC193AA97}.Release|Any CPU.ActiveCfg = Release|Any CPU
		{B94BEE2A-6002-48DA-9B89-DB0BC193AA97}.Release|Any CPU.Build.0 = Release|Any CPU
		{17D8C5A5-D5B0-4EE5-8285-786761CB25B0}.Debug|Any CPU.ActiveCfg = Debug|Any CPU
		{17D8C5A5-D5B0-4EE5-8285-786761CB25B0}.Debug|Any CPU.Build.0 = Debug|Any CPU
		{17D8C5A5-D5B0-4EE5-8285-786761CB25B0}.Release|Any CPU.ActiveCfg = Release|Any CPU
		{17D8C5A5-D5B0-4EE5-8285-786761CB25B0}.Release|Any CPU.Build.0 = Release|Any CPU
		{FFA26C9F-139F-4DE9-9D46-1FC889593010}.Debug|Any CPU.ActiveCfg = Debug|Any CPU
		{FFA26C9F-139F-4DE9-9D46-1FC889593010}.Debug|Any CPU.Build.0 = Debug|Any CPU
		{FFA26C9F-139F-4DE9-9D46-1FC889593010}.Release|Any CPU.ActiveCfg = Release|Any CPU
		{FFA26C9F-139F-4DE9-9D46-1FC889593010}.Release|Any CPU.Build.0 = Release|Any CPU
		{00365EE0-E8E5-41D4-93DA-FD76D7FFCE2F}.Debug|Any CPU.ActiveCfg = Debug|Any CPU
		{00365EE0-E8E5-41D4-93DA-FD76D7FFCE2F}.Debug|Any CPU.Build.0 = Debug|Any CPU
		{00365EE0-E8E5-41D4-93DA-FD76D7FFCE2F}.Release|Any CPU.ActiveCfg = Release|Any CPU
		{00365EE0-E8E5-41D4-93DA-FD76D7FFCE2F}.Release|Any CPU.Build.0 = Release|Any CPU
		{4ADD8B14-8578-4F73-851E-B97ED7CB05E1}.Debug|Any CPU.ActiveCfg = Debug|Any CPU
		{4ADD8B14-8578-4F73-851E-B97ED7CB05E1}.Debug|Any CPU.Build.0 = Debug|Any CPU
		{4ADD8B14-8578-4F73-851E-B97ED7CB05E1}.Release|Any CPU.ActiveCfg = Release|Any CPU
		{4ADD8B14-8578-4F73-851E-B97ED7CB05E1}.Release|Any CPU.Build.0 = Release|Any CPU
		{86F4573D-BCA1-4998-BA32-209703FE198F}.Debug|Any CPU.ActiveCfg = Debug|Any CPU
		{86F4573D-BCA1-4998-BA32-209703FE198F}.Debug|Any CPU.Build.0 = Debug|Any CPU
		{86F4573D-BCA1-4998-BA32-209703FE198F}.Release|Any CPU.ActiveCfg = Release|Any CPU
		{86F4573D-BCA1-4998-BA32-209703FE198F}.Release|Any CPU.Build.0 = Release|Any CPU
		{A7F7626D-3F01-49F1-9387-7A4B49D404B1}.Debug|Any CPU.ActiveCfg = Debug|Any CPU
		{A7F7626D-3F01-49F1-9387-7A4B49D404B1}.Debug|Any CPU.Build.0 = Debug|Any CPU
		{A7F7626D-3F01-49F1-9387-7A4B49D404B1}.Release|Any CPU.ActiveCfg = Release|Any CPU
		{A7F7626D-3F01-49F1-9387-7A4B49D404B1}.Release|Any CPU.Build.0 = Release|Any CPU
		{DCBF44AA-37EB-4F35-818C-8BE05F8A4BF1}.Debug|Any CPU.ActiveCfg = Debug|Any CPU
		{DCBF44AA-37EB-4F35-818C-8BE05F8A4BF1}.Debug|Any CPU.Build.0 = Debug|Any CPU
		{DCBF44AA-37EB-4F35-818C-8BE05F8A4BF1}.Release|Any CPU.ActiveCfg = Release|Any CPU
		{DCBF44AA-37EB-4F35-818C-8BE05F8A4BF1}.Release|Any CPU.Build.0 = Release|Any CPU
		{91FD8CDA-045A-4A87-8697-6E29748DB20F}.Debug|Any CPU.ActiveCfg = Debug|Any CPU
		{91FD8CDA-045A-4A87-8697-6E29748DB20F}.Debug|Any CPU.Build.0 = Debug|Any CPU
		{91FD8CDA-045A-4A87-8697-6E29748DB20F}.Release|Any CPU.ActiveCfg = Release|Any CPU
		{91FD8CDA-045A-4A87-8697-6E29748DB20F}.Release|Any CPU.Build.0 = Release|Any CPU
		{356B037C-3415-46D4-8E3F-729D7B93A9C8}.Debug|Any CPU.ActiveCfg = Debug|Any CPU
		{356B037C-3415-46D4-8E3F-729D7B93A9C8}.Debug|Any CPU.Build.0 = Debug|Any CPU
		{356B037C-3415-46D4-8E3F-729D7B93A9C8}.Release|Any CPU.ActiveCfg = Release|Any CPU
		{356B037C-3415-46D4-8E3F-729D7B93A9C8}.Release|Any CPU.Build.0 = Release|Any CPU
		{4D152C62-818D-42FF-BE73-36D073DD8069}.Debug|Any CPU.ActiveCfg = Debug|Any CPU
		{4D152C62-818D-42FF-BE73-36D073DD8069}.Debug|Any CPU.Build.0 = Debug|Any CPU
		{4D152C62-818D-42FF-BE73-36D073DD8069}.Release|Any CPU.ActiveCfg = Release|Any CPU
		{4D152C62-818D-42FF-BE73-36D073DD8069}.Release|Any CPU.Build.0 = Release|Any CPU
		{9EC04BA2-14C9-4D6B-81A6-9D904FF0E5F7}.Debug|Any CPU.ActiveCfg = Debug|Any CPU
		{9EC04BA2-14C9-4D6B-81A6-9D904FF0E5F7}.Debug|Any CPU.Build.0 = Debug|Any CPU
		{9EC04BA2-14C9-4D6B-81A6-9D904FF0E5F7}.Release|Any CPU.ActiveCfg = Release|Any CPU
		{9EC04BA2-14C9-4D6B-81A6-9D904FF0E5F7}.Release|Any CPU.Build.0 = Release|Any CPU
		{15D6A0A8-D51E-451F-8BB5-302220573505}.Debug|Any CPU.ActiveCfg = Debug|Any CPU
		{15D6A0A8-D51E-451F-8BB5-302220573505}.Debug|Any CPU.Build.0 = Debug|Any CPU
		{15D6A0A8-D51E-451F-8BB5-302220573505}.Release|Any CPU.ActiveCfg = Release|Any CPU
		{15D6A0A8-D51E-451F-8BB5-302220573505}.Release|Any CPU.Build.0 = Release|Any CPU
		{32FF2740-CF33-46D4-8EBF-749414A9FD0C}.Debug|Any CPU.ActiveCfg = Debug|Any CPU
		{32FF2740-CF33-46D4-8EBF-749414A9FD0C}.Debug|Any CPU.Build.0 = Debug|Any CPU
		{32FF2740-CF33-46D4-8EBF-749414A9FD0C}.Release|Any CPU.ActiveCfg = Release|Any CPU
		{32FF2740-CF33-46D4-8EBF-749414A9FD0C}.Release|Any CPU.Build.0 = Release|Any CPU
		{BE430B73-DBE1-4A3B-B48D-2455EA2D2F0F}.Debug|Any CPU.ActiveCfg = Debug|Any CPU
		{BE430B73-DBE1-4A3B-B48D-2455EA2D2F0F}.Debug|Any CPU.Build.0 = Debug|Any CPU
		{BE430B73-DBE1-4A3B-B48D-2455EA2D2F0F}.Release|Any CPU.ActiveCfg = Release|Any CPU
		{BE430B73-DBE1-4A3B-B48D-2455EA2D2F0F}.Release|Any CPU.Build.0 = Release|Any CPU
		{203B86B2-9D79-4115-9E29-D64AB39C2CBC}.Debug|Any CPU.ActiveCfg = Debug|Any CPU
		{203B86B2-9D79-4115-9E29-D64AB39C2CBC}.Debug|Any CPU.Build.0 = Debug|Any CPU
		{203B86B2-9D79-4115-9E29-D64AB39C2CBC}.Release|Any CPU.ActiveCfg = Release|Any CPU
		{203B86B2-9D79-4115-9E29-D64AB39C2CBC}.Release|Any CPU.Build.0 = Release|Any CPU
		{8D8CE796-C412-48C5-BC05-9D8C91E530A4}.Debug|Any CPU.ActiveCfg = Debug|Any CPU
		{8D8CE796-C412-48C5-BC05-9D8C91E530A4}.Debug|Any CPU.Build.0 = Debug|Any CPU
		{8D8CE796-C412-48C5-BC05-9D8C91E530A4}.Release|Any CPU.ActiveCfg = Release|Any CPU
		{8D8CE796-C412-48C5-BC05-9D8C91E530A4}.Release|Any CPU.Build.0 = Release|Any CPU
	EndGlobalSection
	GlobalSection(SolutionProperties) = preSolution
		HideSolutionNode = FALSE
	EndGlobalSection
	GlobalSection(NestedProjects) = preSolution
		{443AB829-5031-468F-BD74-2AD2EBBC898C} = {40A703EF-7B48-4E8C-98A5-B5E97C5B89FE}
		{3F0E2830-645D-4793-B884-4AEA209A552B} = {443AB829-5031-468F-BD74-2AD2EBBC898C}
		{BB0B02CF-DB67-41CC-B15A-33A738E19EAA} = {B70D9622-9A6E-4173-8E16-9E4FF2FB74F4}
		{B70D9622-9A6E-4173-8E16-9E4FF2FB74F4} = {443AB829-5031-468F-BD74-2AD2EBBC898C}
		{56D48056-FC91-42EF-99E3-827D59F39C06} = {40A703EF-7B48-4E8C-98A5-B5E97C5B89FE}
		{4DF9769D-A442-4DCF-802E-FC91208CA117} = {56D48056-FC91-42EF-99E3-827D59F39C06}
		{B94BEE2A-6002-48DA-9B89-DB0BC193AA97} = {F4EEF266-8735-451E-8179-A31FC749837E}
		{F4EEF266-8735-451E-8179-A31FC749837E} = {56D48056-FC91-42EF-99E3-827D59F39C06}
		{17D8C5A5-D5B0-4EE5-8285-786761CB25B0} = {56D48056-FC91-42EF-99E3-827D59F39C06}
		{FFA26C9F-139F-4DE9-9D46-1FC889593010} = {56D48056-FC91-42EF-99E3-827D59F39C06}
		{00365EE0-E8E5-41D4-93DA-FD76D7FFCE2F} = {56D48056-FC91-42EF-99E3-827D59F39C06}
		{4ADD8B14-8578-4F73-851E-B97ED7CB05E1} = {56D48056-FC91-42EF-99E3-827D59F39C06}
		{86F4573D-BCA1-4998-BA32-209703FE198F} = {56D48056-FC91-42EF-99E3-827D59F39C06}
		{A7F7626D-3F01-49F1-9387-7A4B49D404B1} = {56D48056-FC91-42EF-99E3-827D59F39C06}
		{DFA398AB-9317-43CC-9C70-C8E6168900E5} = {C0DC97F6-0248-40B7-B6E4-EFCD5C32F20B}
		{DCBF44AA-37EB-4F35-818C-8BE05F8A4BF1} = {DFA398AB-9317-43CC-9C70-C8E6168900E5}
		{03656CDF-935C-478D-9083-B676B39FF06B} = {DFA398AB-9317-43CC-9C70-C8E6168900E5}
		{91FD8CDA-045A-4A87-8697-6E29748DB20F} = {03656CDF-935C-478D-9083-B676B39FF06B}
		{356B037C-3415-46D4-8E3F-729D7B93A9C8} = {443AB829-5031-468F-BD74-2AD2EBBC898C}
		{4D152C62-818D-42FF-BE73-36D073DD8069} = {443AB829-5031-468F-BD74-2AD2EBBC898C}
		{9EC04BA2-14C9-4D6B-81A6-9D904FF0E5F7} = {443AB829-5031-468F-BD74-2AD2EBBC898C}
		{15D6A0A8-D51E-451F-8BB5-302220573505} = {443AB829-5031-468F-BD74-2AD2EBBC898C}
		{7B311FFB-2B18-430F-8CD5-64ACDBAF15FA} = {C0DC97F6-0248-40B7-B6E4-EFCD5C32F20B}
		{32FF2740-CF33-46D4-8EBF-749414A9FD0C} = {7B311FFB-2B18-430F-8CD5-64ACDBAF15FA}
		{00CD9A1C-5BB4-4D4C-838C-49BA2E6F6D98} = {40A703EF-7B48-4E8C-98A5-B5E97C5B89FE}
		{BE430B73-DBE1-4A3B-B48D-2455EA2D2F0F} = {00CD9A1C-5BB4-4D4C-838C-49BA2E6F6D98}
		{015C53E9-70F2-4EEE-B0BD-B0DCE5BF52FE} = {00CD9A1C-5BB4-4D4C-838C-49BA2E6F6D98}
		{203B86B2-9D79-4115-9E29-D64AB39C2CBC} = {015C53E9-70F2-4EEE-B0BD-B0DCE5BF52FE}
		{8D8CE796-C412-48C5-BC05-9D8C91E530A4} = {443AB829-5031-468F-BD74-2AD2EBBC898C}
	EndGlobalSection
EndGlobal
